
Microsoft Visual Studio Solution File, Format Version 12.00
# Visual Studio 15
VisualStudioVersion = 15.0.28307.1082
MinimumVisualStudioVersion = 10.0.40219.1
Project("{FAE04EC0-301F-11D3-BF4B-00C04F79EFBC}") = "PP(Z4)", "PP(Z4)\PP(Z4).csproj", "{396057AE-7EEC-46BC-8748-AA571C80EB84}"
EndProject
Project("{FAE04EC0-301F-11D3-BF4B-00C04F79EFBC}") = "PP(Z4_1)", "PP(Z4_1)\PP(Z4_1).csproj", "{147C3869-9BEB-4038-8185-55FB2BF74A6F}"
EndProject
Global
	GlobalSection(SolutionConfigurationPlatforms) = preSolution
		Debug|Any CPU = Debug|Any CPU
		Release|Any CPU = Release|Any CPU
	EndGlobalSection
	GlobalSection(ProjectConfigurationPlatforms) = postSolution
		{396057AE-7EEC-46BC-8748-AA571C80EB84}.Debug|Any CPU.ActiveCfg = Debug|Any CPU
		{396057AE-7EEC-46BC-8748-AA571C80EB84}.Debug|Any CPU.Build.0 = Debug|Any CPU
		{396057AE-7EEC-46BC-8748-AA571C80EB84}.Release|Any CPU.ActiveCfg = Release|Any CPU
		{396057AE-7EEC-46BC-8748-AA571C80EB84}.Release|Any CPU.Build.0 = Release|Any CPU
		{147C3869-9BEB-4038-8185-55FB2BF74A6F}.Debug|Any CPU.ActiveCfg = Debug|Any CPU
		{147C3869-9BEB-4038-8185-55FB2BF74A6F}.Debug|Any CPU.Build.0 = Debug|Any CPU
		{147C3869-9BEB-4038-8185-55FB2BF74A6F}.Release|Any CPU.ActiveCfg = Release|Any CPU
		{147C3869-9BEB-4038-8185-55FB2BF74A6F}.Release|Any CPU.Build.0 = Release|Any CPU
	EndGlobalSection
	GlobalSection(SolutionProperties) = preSolution
		HideSolutionNode = FALSE
	EndGlobalSection
	GlobalSection(ExtensibilityGlobals) = postSolution
		SolutionGuid = {CE362F57-E5B1-4511-847B-2DD6255AF03D}
	EndGlobalSection
EndGlobal
